
Microsoft Visual Studio Solution File, Format Version 12.00
# Visual Studio Version 17
VisualStudioVersion = 17.10.35013.160
MinimumVisualStudioVersion = 10.0.40219.1
Project("{FAE04EC0-301F-11D3-BF4B-00C04F79EFBC}") = "Assignment 10.2.2 LINQ Query List of Employees", "Assignment 10.2.2 LINQ Query List of Employees.csproj", "{959C8ADA-C950-494F-8E85-2F81CBA0E1D5}"
EndProject
Global
	GlobalSection(SolutionConfigurationPlatforms) = preSolution
		Debug|Any CPU = Debug|Any CPU
		Release|Any CPU = Release|Any CPU
	EndGlobalSection
	GlobalSection(ProjectConfigurationPlatforms) = postSolution
		{959C8ADA-C950-494F-8E85-2F81CBA0E1D5}.Debug|Any CPU.ActiveCfg = Debug|Any CPU
		{959C8ADA-C950-494F-8E85-2F81CBA0E1D5}.Debug|Any CPU.Build.0 = Debug|Any CPU
		{959C8ADA-C950-494F-8E85-2F81CBA0E1D5}.Release|Any CPU.ActiveCfg = Release|Any CPU
		{959C8ADA-C950-494F-8E85-2F81CBA0E1D5}.Release|Any CPU.Build.0 = Release|Any CPU
	EndGlobalSection
	GlobalSection(SolutionProperties) = preSolution
		HideSolutionNode = FALSE
	EndGlobalSection
	GlobalSection(ExtensibilityGlobals) = postSolution
		SolutionGuid = {A76838C2-4048-44B3-9AE7-C01DC1784DB0}
	EndGlobalSection
EndGlobal
